
Microsoft Visual Studio Solution File, Format Version 12.00
# Visual Studio Version 17
VisualStudioVersion = 17.8.34330.188
MinimumVisualStudioVersion = 10.0.40219.1
Project("{FAE04EC0-301F-11D3-BF4B-00C04F79EFBC}") = "WindowsFormApp1", "WindowsFormApp1.csproj", "{425A511D-3075-4647-AAC4-3144AA08AD11}"
EndProject
Global
	GlobalSection(SolutionConfigurationPlatforms) = preSolution
		Debug|Any CPU = Debug|Any CPU
		Release|Any CPU = Release|Any CPU
	EndGlobalSection
	GlobalSection(ProjectConfigurationPlatforms) = postSolution
		{425A511D-3075-4647-AAC4-3144AA08AD11}.Debug|Any CPU.ActiveCfg = Debug|Any CPU
		{425A511D-3075-4647-AAC4-3144AA08AD11}.Debug|Any CPU.Build.0 = Debug|Any CPU
		{425A511D-3075-4647-AAC4-3144AA08AD11}.Release|Any CPU.ActiveCfg = Release|Any CPU
		{425A511D-3075-4647-AAC4-3144AA08AD11}.Release|Any CPU.Build.0 = Release|Any CPU
	EndGlobalSection
	GlobalSection(SolutionProperties) = preSolution
		HideSolutionNode = FALSE
	EndGlobalSection
	GlobalSection(ExtensibilityGlobals) = postSolution
		SolutionGuid = {02DD688A-40FF-4F3C-BD73-2BBBFB9427BC}
	EndGlobalSection
EndGlobal
