
Microsoft Visual Studio Solution File, Format Version 12.00
# Visual Studio Version 17
VisualStudioVersion = 17.7.34031.279
MinimumVisualStudioVersion = 10.0.40219.1
Project("{FAE04EC0-301F-11D3-BF4B-00C04F79EFBC}") = "ConsoleApp1", "ConsoleApp1.csproj", "{BE5C556B-4DD5-437B-BB60-AC6DAE5A10AE}"
EndProject
Global
	GlobalSection(SolutionConfigurationPlatforms) = preSolution
		Debug|Any CPU = Debug|Any CPU
		Release|Any CPU = Release|Any CPU
	EndGlobalSection
	GlobalSection(ProjectConfigurationPlatforms) = postSolution
		{BE5C556B-4DD5-437B-BB60-AC6DAE5A10AE}.Debug|Any CPU.ActiveCfg = Debug|Any CPU
		{BE5C556B-4DD5-437B-BB60-AC6DAE5A10AE}.Debug|Any CPU.Build.0 = Debug|Any CPU
		{BE5C556B-4DD5-437B-BB60-AC6DAE5A10AE}.Release|Any CPU.ActiveCfg = Release|Any CPU
		{BE5C556B-4DD5-437B-BB60-AC6DAE5A10AE}.Release|Any CPU.Build.0 = Release|Any CPU
	EndGlobalSection
	GlobalSection(SolutionProperties) = preSolution
		HideSolutionNode = FALSE
	EndGlobalSection
	GlobalSection(ExtensibilityGlobals) = postSolution
		SolutionGuid = {AE32ECC0-0711-4EBA-A3E1-3423A1F7AE07}
	EndGlobalSection
EndGlobal
