
Microsoft Visual Studio Solution File, Format Version 12.00
# Visual Studio Version 17
VisualStudioVersion = 17.9.34701.34
MinimumVisualStudioVersion = 10.0.40219.1
Project("{FAE04EC0-301F-11D3-BF4B-00C04F79EFBC}") = "Examen_Tema8", "Examen_Tema8.csproj", "{A43AB65B-479E-40DF-917C-C54D212E4445}"
EndProject
Global
	GlobalSection(SolutionConfigurationPlatforms) = preSolution
		Debug|Any CPU = Debug|Any CPU
		Release|Any CPU = Release|Any CPU
	EndGlobalSection
	GlobalSection(ProjectConfigurationPlatforms) = postSolution
		{A43AB65B-479E-40DF-917C-C54D212E4445}.Debug|Any CPU.ActiveCfg = Debug|Any CPU
		{A43AB65B-479E-40DF-917C-C54D212E4445}.Debug|Any CPU.Build.0 = Debug|Any CPU
		{A43AB65B-479E-40DF-917C-C54D212E4445}.Release|Any CPU.ActiveCfg = Release|Any CPU
		{A43AB65B-479E-40DF-917C-C54D212E4445}.Release|Any CPU.Build.0 = Release|Any CPU
	EndGlobalSection
	GlobalSection(SolutionProperties) = preSolution
		HideSolutionNode = FALSE
	EndGlobalSection
	GlobalSection(ExtensibilityGlobals) = postSolution
		SolutionGuid = {901DE65D-7FE5-4713-B0F3-2BE385E7C9CB}
	EndGlobalSection
EndGlobal
