
Microsoft Visual Studio Solution File, Format Version 12.00
# Visual Studio Version 17
VisualStudioVersion = 17.7.34031.279
MinimumVisualStudioVersion = 10.0.40219.1
Project("{FAE04EC0-301F-11D3-BF4B-00C04F79EFBC}") = "15Septiembre_01", "15Septiembre_01.csproj", "{DD7940FE-AF8B-41F7-87F2-904A763C5F74}"
EndProject
Global
	GlobalSection(SolutionConfigurationPlatforms) = preSolution
		Debug|Any CPU = Debug|Any CPU
		Release|Any CPU = Release|Any CPU
	EndGlobalSection
	GlobalSection(ProjectConfigurationPlatforms) = postSolution
		{DD7940FE-AF8B-41F7-87F2-904A763C5F74}.Debug|Any CPU.ActiveCfg = Debug|Any CPU
		{DD7940FE-AF8B-41F7-87F2-904A763C5F74}.Debug|Any CPU.Build.0 = Debug|Any CPU
		{DD7940FE-AF8B-41F7-87F2-904A763C5F74}.Release|Any CPU.ActiveCfg = Release|Any CPU
		{DD7940FE-AF8B-41F7-87F2-904A763C5F74}.Release|Any CPU.Build.0 = Release|Any CPU
	EndGlobalSection
	GlobalSection(SolutionProperties) = preSolution
		HideSolutionNode = FALSE
	EndGlobalSection
	GlobalSection(ExtensibilityGlobals) = postSolution
		SolutionGuid = {FEAF2418-5503-49E5-B304-61948AAC55B0}
	EndGlobalSection
EndGlobal
