
Microsoft Visual Studio Solution File, Format Version 12.00
# Visual Studio Version 17
VisualStudioVersion = 17.7.34031.279
MinimumVisualStudioVersion = 10.0.40219.1
Project("{FAE04EC0-301F-11D3-BF4B-00C04F79EFBC}") = "Programa Aprobado con Bool", "Programa Aprobado con Bool.csproj", "{ED47CDAC-620B-4839-B8C3-0A5C0D636F0A}"
EndProject
Global
	GlobalSection(SolutionConfigurationPlatforms) = preSolution
		Debug|Any CPU = Debug|Any CPU
		Release|Any CPU = Release|Any CPU
	EndGlobalSection
	GlobalSection(ProjectConfigurationPlatforms) = postSolution
		{ED47CDAC-620B-4839-B8C3-0A5C0D636F0A}.Debug|Any CPU.ActiveCfg = Debug|Any CPU
		{ED47CDAC-620B-4839-B8C3-0A5C0D636F0A}.Debug|Any CPU.Build.0 = Debug|Any CPU
		{ED47CDAC-620B-4839-B8C3-0A5C0D636F0A}.Release|Any CPU.ActiveCfg = Release|Any CPU
		{ED47CDAC-620B-4839-B8C3-0A5C0D636F0A}.Release|Any CPU.Build.0 = Release|Any CPU
	EndGlobalSection
	GlobalSection(SolutionProperties) = preSolution
		HideSolutionNode = FALSE
	EndGlobalSection
	GlobalSection(ExtensibilityGlobals) = postSolution
		SolutionGuid = {390D5FE4-55A8-4BBB-9AC6-FB365D8C54CA}
	EndGlobalSection
EndGlobal
