
Microsoft Visual Studio Solution File, Format Version 12.00
# Visual Studio Version 17
VisualStudioVersion = 17.7.34031.279
MinimumVisualStudioVersion = 10.0.40219.1
Project("{FAE04EC0-301F-11D3-BF4B-00C04F79EFBC}") = "Ejercicio 12", "Ejercicio 12.csproj", "{CAF4676B-8EAF-45B6-84DD-21977D765382}"
EndProject
Global
	GlobalSection(SolutionConfigurationPlatforms) = preSolution
		Debug|Any CPU = Debug|Any CPU
		Release|Any CPU = Release|Any CPU
	EndGlobalSection
	GlobalSection(ProjectConfigurationPlatforms) = postSolution
		{CAF4676B-8EAF-45B6-84DD-21977D765382}.Debug|Any CPU.ActiveCfg = Debug|Any CPU
		{CAF4676B-8EAF-45B6-84DD-21977D765382}.Debug|Any CPU.Build.0 = Debug|Any CPU
		{CAF4676B-8EAF-45B6-84DD-21977D765382}.Release|Any CPU.ActiveCfg = Release|Any CPU
		{CAF4676B-8EAF-45B6-84DD-21977D765382}.Release|Any CPU.Build.0 = Release|Any CPU
	EndGlobalSection
	GlobalSection(SolutionProperties) = preSolution
		HideSolutionNode = FALSE
	EndGlobalSection
	GlobalSection(ExtensibilityGlobals) = postSolution
		SolutionGuid = {35F43CDA-3B16-4FC0-BB9F-5928ABDD8B90}
	EndGlobalSection
EndGlobal
