
Microsoft Visual Studio Solution File, Format Version 12.00
# Visual Studio Version 17
VisualStudioVersion = 17.7.34031.279
MinimumVisualStudioVersion = 10.0.40219.1
Project("{FAE04EC0-301F-11D3-BF4B-00C04F79EFBC}") = "R", "R.csproj", "{42F74BD6-322B-454F-B594-CADAEEC91ECC}"
EndProject
Global
	GlobalSection(SolutionConfigurationPlatforms) = preSolution
		Debug|Any CPU = Debug|Any CPU
		Release|Any CPU = Release|Any CPU
	EndGlobalSection
	GlobalSection(ProjectConfigurationPlatforms) = postSolution
		{42F74BD6-322B-454F-B594-CADAEEC91ECC}.Debug|Any CPU.ActiveCfg = Debug|Any CPU
		{42F74BD6-322B-454F-B594-CADAEEC91ECC}.Debug|Any CPU.Build.0 = Debug|Any CPU
		{42F74BD6-322B-454F-B594-CADAEEC91ECC}.Release|Any CPU.ActiveCfg = Release|Any CPU
		{42F74BD6-322B-454F-B594-CADAEEC91ECC}.Release|Any CPU.Build.0 = Release|Any CPU
	EndGlobalSection
	GlobalSection(SolutionProperties) = preSolution
		HideSolutionNode = FALSE
	EndGlobalSection
	GlobalSection(ExtensibilityGlobals) = postSolution
		SolutionGuid = {36ABB4E9-1AD5-44E6-A2A1-A5E4F77CC626}
	EndGlobalSection
EndGlobal
