
Microsoft Visual Studio Solution File, Format Version 12.00
# Visual Studio Version 17
VisualStudioVersion = 17.7.34031.279
MinimumVisualStudioVersion = 10.0.40219.1
Project("{FAE04EC0-301F-11D3-BF4B-00C04F79EFBC}") = "Piramide", "Piramide.csproj", "{8F06C4E6-C45F-428C-92FF-A237B2F0A9BA}"
EndProject
Global
	GlobalSection(SolutionConfigurationPlatforms) = preSolution
		Debug|Any CPU = Debug|Any CPU
		Release|Any CPU = Release|Any CPU
	EndGlobalSection
	GlobalSection(ProjectConfigurationPlatforms) = postSolution
		{8F06C4E6-C45F-428C-92FF-A237B2F0A9BA}.Debug|Any CPU.ActiveCfg = Debug|Any CPU
		{8F06C4E6-C45F-428C-92FF-A237B2F0A9BA}.Debug|Any CPU.Build.0 = Debug|Any CPU
		{8F06C4E6-C45F-428C-92FF-A237B2F0A9BA}.Release|Any CPU.ActiveCfg = Release|Any CPU
		{8F06C4E6-C45F-428C-92FF-A237B2F0A9BA}.Release|Any CPU.Build.0 = Release|Any CPU
	EndGlobalSection
	GlobalSection(SolutionProperties) = preSolution
		HideSolutionNode = FALSE
	EndGlobalSection
	GlobalSection(ExtensibilityGlobals) = postSolution
		SolutionGuid = {1B260FA0-9FA0-436F-B1B6-7038189BD904}
	EndGlobalSection
EndGlobal
