
Microsoft Visual Studio Solution File, Format Version 12.00
# Visual Studio Version 17
VisualStudioVersion = 17.8.34511.84
MinimumVisualStudioVersion = 10.0.40219.1
Project("{FAE04EC0-301F-11D3-BF4B-00C04F79EFBC}") = "Examen Tema 6", "Examen Tema 6.csproj", "{99A73776-BFF9-4C41-BB34-99929EDC49F9}"
EndProject
Global
	GlobalSection(SolutionConfigurationPlatforms) = preSolution
		Debug|Any CPU = Debug|Any CPU
		Release|Any CPU = Release|Any CPU
	EndGlobalSection
	GlobalSection(ProjectConfigurationPlatforms) = postSolution
		{99A73776-BFF9-4C41-BB34-99929EDC49F9}.Debug|Any CPU.ActiveCfg = Debug|Any CPU
		{99A73776-BFF9-4C41-BB34-99929EDC49F9}.Debug|Any CPU.Build.0 = Debug|Any CPU
		{99A73776-BFF9-4C41-BB34-99929EDC49F9}.Release|Any CPU.ActiveCfg = Release|Any CPU
		{99A73776-BFF9-4C41-BB34-99929EDC49F9}.Release|Any CPU.Build.0 = Release|Any CPU
	EndGlobalSection
	GlobalSection(SolutionProperties) = preSolution
		HideSolutionNode = FALSE
	EndGlobalSection
	GlobalSection(ExtensibilityGlobals) = postSolution
		SolutionGuid = {C7B018D8-4CC7-4EAB-AFED-C417CC6596EA}
	EndGlobalSection
EndGlobal
