
Microsoft Visual Studio Solution File, Format Version 12.00
# Visual Studio Version 17
VisualStudioVersion = 17.8.34511.84
MinimumVisualStudioVersion = 10.0.40219.1
Project("{FAE04EC0-301F-11D3-BF4B-00C04F79EFBC}") = "01_EjemploFunciones", "01_EjemploFunciones.csproj", "{8893907C-7762-459F-85F4-4B7A3BE5E4EA}"
EndProject
Global
	GlobalSection(SolutionConfigurationPlatforms) = preSolution
		Debug|Any CPU = Debug|Any CPU
		Release|Any CPU = Release|Any CPU
	EndGlobalSection
	GlobalSection(ProjectConfigurationPlatforms) = postSolution
		{8893907C-7762-459F-85F4-4B7A3BE5E4EA}.Debug|Any CPU.ActiveCfg = Debug|Any CPU
		{8893907C-7762-459F-85F4-4B7A3BE5E4EA}.Debug|Any CPU.Build.0 = Debug|Any CPU
		{8893907C-7762-459F-85F4-4B7A3BE5E4EA}.Release|Any CPU.ActiveCfg = Release|Any CPU
		{8893907C-7762-459F-85F4-4B7A3BE5E4EA}.Release|Any CPU.Build.0 = Release|Any CPU
	EndGlobalSection
	GlobalSection(SolutionProperties) = preSolution
		HideSolutionNode = FALSE
	EndGlobalSection
	GlobalSection(ExtensibilityGlobals) = postSolution
		SolutionGuid = {7F736384-CFDA-4C17-AD42-25E5D2FF3B86}
	EndGlobalSection
EndGlobal
